
Microsoft Visual Studio Solution File, Format Version 12.00
# Visual Studio Version 16
VisualStudioVersion = 16.0.32802.440
MinimumVisualStudioVersion = 10.0.40219.1
Project("{FAE04EC0-301F-11D3-BF4B-00C04F79EFBC}") = "Anchor-Assessment", "Anchor-Assessment.csproj", "{EF04E578-34CD-41EC-91C4-54A641ABC1DF}"
EndProject
Global
	GlobalSection(SolutionConfigurationPlatforms) = preSolution
		Debug|Any CPU = Debug|Any CPU
		Release|Any CPU = Release|Any CPU
	EndGlobalSection
	GlobalSection(ProjectConfigurationPlatforms) = postSolution
		{EF04E578-34CD-41EC-91C4-54A641ABC1DF}.Debug|Any CPU.ActiveCfg = Debug|Any CPU
		{EF04E578-34CD-41EC-91C4-54A641ABC1DF}.Debug|Any CPU.Build.0 = Debug|Any CPU
		{EF04E578-34CD-41EC-91C4-54A641ABC1DF}.Release|Any CPU.ActiveCfg = Release|Any CPU
		{EF04E578-34CD-41EC-91C4-54A641ABC1DF}.Release|Any CPU.Build.0 = Release|Any CPU
	EndGlobalSection
	GlobalSection(SolutionProperties) = preSolution
		HideSolutionNode = FALSE
	EndGlobalSection
	GlobalSection(ExtensibilityGlobals) = postSolution
		SolutionGuid = {A889857D-BD73-4CA2-A792-ED88494DFC39}
	EndGlobalSection
EndGlobal
